{
  "version": "3",
  "packages": {
    "specifiers": {
      "jsr:@hono/hono@^4.5.8": "jsr:@hono/hono@4.5.8",
      "npm:@hono/zod-validator@^0.2.2": "npm:@hono/zod-validator@0.2.2_hono@4.5.8_zod@3.23.8",
      "npm:zod@^3.23.8": "npm:zod@3.23.8"
    },
    "jsr": {
      "@hono/hono@4.5.8": {
        "integrity": "60f5b4c61edae2016022d6087b4fc381f378d337f046f56e00a3a3512c7e9c16"
      }
    },
    "npm": {
      "@hono/zod-validator@0.2.2_hono@4.5.8_zod@3.23.8": {
        "integrity": "sha512-dSDxaPV70Py8wuIU2QNpoVEIOSzSXZ/6/B/h4xA7eOMz7+AarKTSGV8E6QwrdcCbBLkpqfJ4Q2TmBO0eP1tCBQ==",
        "dependencies": {
          "hono": "hono@4.5.8",
          "zod": "zod@3.23.8"
        }
      },
      "hono@4.5.8": {
        "integrity": "sha512-pqpSlcdqGkpTTRpLYU1PnCz52gVr0zVR9H5GzMyJWuKQLLEBQxh96q45QizJ2PPX8NATtz2mu31/PKW/Jt+90Q==",
        "dependencies": {}
      },
      "zod@3.23.8": {
        "integrity": "sha512-XBx9AXhXktjUqnepgTiE5flcKIYWi/rme0Eaj+5Y0lftuGBq+jyRu/md4WnuxqgP1ubdpNCsYEYPxrzVHD8d6g==",
        "dependencies": {}
      }
    }
  },
  "remote": {},
  "workspace": {
    "dependencies": [
      "jsr:@hono/hono@^4.5.8",
      "npm:@hono/zod-validator@^0.2.2",
      "npm:zod@^3.23.8"
    ]
  }
}
